
Microsoft Visual Studio Solution File, Format Version 12.00
Project("{FAE04EC0-301F-11D3-BF4B-00C04F79EFBC}") = "D3DMeshUtilities", "D3DMeshUtilities\D3DMeshUtilities.csproj", "{A8EDC234-815C-46F7-B67C-6A615EE8DD08}"
EndProject
Project("{FAE04EC0-301F-11D3-BF4B-00C04F79EFBC}") = "TelltaleToolKit", "TelltaleToolKit-Contribs\src\TelltaleToolKit\TelltaleToolKit.csproj", "{F8596FC0-579E-431E-A401-4028D8E0E624}"
EndProject
Project("{FAE04EC0-301F-11D3-BF4B-00C04F79EFBC}") = "VersionDatabaseCreator", "TelltaleToolKit-Contribs\samples\VersionDatabaseCreator\VersionDatabaseCreator.csproj", "{DA0F5490-17E2-4FCD-9FA0-3668858B66C4}"
EndProject
Global
	GlobalSection(SolutionConfigurationPlatforms) = preSolution
		Debug|Any CPU = Debug|Any CPU
		Release|Any CPU = Release|Any CPU
	EndGlobalSection
	GlobalSection(ProjectConfigurationPlatforms) = postSolution
		{A8EDC234-815C-46F7-B67C-6A615EE8DD08}.Debug|Any CPU.ActiveCfg = Debug|Any CPU
		{A8EDC234-815C-46F7-B67C-6A615EE8DD08}.Debug|Any CPU.Build.0 = Debug|Any CPU
		{A8EDC234-815C-46F7-B67C-6A615EE8DD08}.Release|Any CPU.ActiveCfg = Release|Any CPU
		{A8EDC234-815C-46F7-B67C-6A615EE8DD08}.Release|Any CPU.Build.0 = Release|Any CPU
		{F8596FC0-579E-431E-A401-4028D8E0E624}.Debug|Any CPU.ActiveCfg = Debug|Any CPU
		{F8596FC0-579E-431E-A401-4028D8E0E624}.Debug|Any CPU.Build.0 = Debug|Any CPU
		{F8596FC0-579E-431E-A401-4028D8E0E624}.Release|Any CPU.ActiveCfg = Release|Any CPU
		{F8596FC0-579E-431E-A401-4028D8E0E624}.Release|Any CPU.Build.0 = Release|Any CPU
		{DA0F5490-17E2-4FCD-9FA0-3668858B66C4}.Debug|Any CPU.ActiveCfg = Debug|Any CPU
		{DA0F5490-17E2-4FCD-9FA0-3668858B66C4}.Debug|Any CPU.Build.0 = Debug|Any CPU
		{DA0F5490-17E2-4FCD-9FA0-3668858B66C4}.Release|Any CPU.ActiveCfg = Release|Any CPU
		{DA0F5490-17E2-4FCD-9FA0-3668858B66C4}.Release|Any CPU.Build.0 = Release|Any CPU
	EndGlobalSection
				GlobalSection(SolutionProperties) = preSolution
								HideSolutionNode = FALSE
				EndGlobalSection
EndGlobal
